
Microsoft Visual Studio Solution File, Format Version 12.00
# Visual Studio Version 16
VisualStudioVersion = 16.0.30204.135
MinimumVisualStudioVersion = 10.0.40219.1
Project("{FAE04EC0-301F-11D3-BF4B-00C04F79EFBC}") = "Store", "Store\Store.csproj", "{417653B5-E9E5-4BAC-9CBE-66F355247023}"
EndProject
Global
	GlobalSection(SolutionConfigurationPlatforms) = preSolution
		Debug|Any CPU = Debug|Any CPU
		Release|Any CPU = Release|Any CPU
	EndGlobalSection
	GlobalSection(ProjectConfigurationPlatforms) = postSolution
		{417653B5-E9E5-4BAC-9CBE-66F355247023}.Debug|Any CPU.ActiveCfg = Debug|Any CPU
		{417653B5-E9E5-4BAC-9CBE-66F355247023}.Debug|Any CPU.Build.0 = Debug|Any CPU
		{417653B5-E9E5-4BAC-9CBE-66F355247023}.Release|Any CPU.ActiveCfg = Release|Any CPU
		{417653B5-E9E5-4BAC-9CBE-66F355247023}.Release|Any CPU.Build.0 = Release|Any CPU
	EndGlobalSection
	GlobalSection(SolutionProperties) = preSolution
		HideSolutionNode = FALSE
	EndGlobalSection
	GlobalSection(ExtensibilityGlobals) = postSolution
		SolutionGuid = {E9E2CD0D-CC0C-4063-BDF4-F87D3A79E966}
	EndGlobalSection
EndGlobal
